
Microsoft Visual Studio Solution File, Format Version 12.00
# Visual Studio Version 16
VisualStudioVersion = 16.0.29306.81
MinimumVisualStudioVersion = 10.0.40219.1
Project("{FAE04EC0-301F-11D3-BF4B-00C04F79EFBC}") = "Numeros", "Numeros.csproj", "{BDE9A6FF-7A37-4E1D-84D1-A1787438C6CB}"
EndProject
Global
	GlobalSection(SolutionConfigurationPlatforms) = preSolution
		Debug|Any CPU = Debug|Any CPU
		Release|Any CPU = Release|Any CPU
	EndGlobalSection
	GlobalSection(ProjectConfigurationPlatforms) = postSolution
		{BDE9A6FF-7A37-4E1D-84D1-A1787438C6CB}.Debug|Any CPU.ActiveCfg = Debug|Any CPU
		{BDE9A6FF-7A37-4E1D-84D1-A1787438C6CB}.Debug|Any CPU.Build.0 = Debug|Any CPU
		{BDE9A6FF-7A37-4E1D-84D1-A1787438C6CB}.Release|Any CPU.ActiveCfg = Release|Any CPU
		{BDE9A6FF-7A37-4E1D-84D1-A1787438C6CB}.Release|Any CPU.Build.0 = Release|Any CPU
	EndGlobalSection
	GlobalSection(SolutionProperties) = preSolution
		HideSolutionNode = FALSE
	EndGlobalSection
	GlobalSection(ExtensibilityGlobals) = postSolution
		SolutionGuid = {2F7FD156-2648-43F3-BA7B-463964308A94}
	EndGlobalSection
EndGlobal
